// !$*UTF8*$!
{
	archiveVersion = 1;
	classes = {
	};
	objectVersion = 46;
	objects = {

/* Begin PBXBuildFile section */
		F62BC0861D260D66000D17F8 /* AppDelegate.swift in Sources */ = {isa = PBXBuildFile; fileRef = F62BC0851D260D66000D17F8 /* AppDelegate.swift */; };
		F62BC0881D260D66000D17F8 /* ViewController.swift in Sources */ = {isa = PBXBuildFile; fileRef = F62BC0871D260D66000D17F8 /* ViewController.swift */; };
		F62BC08D1D260D66000D17F8 /* Assets.xcassets in Resources */ = {isa = PBXBuildFile; fileRef = F62BC08C1D260D66000D17F8 /* Assets.xcassets */; };
		F62BC0901D260D66000D17F8 /* LaunchScreen.storyboard in Resources */ = {isa = PBXBuildFile; fileRef = F62BC08E1D260D66000D17F8 /* LaunchScreen.storyboard */; };
/* End PBXBuildFile section */

/* Begin PBXFileReference section */
		F62BC0821D260D66000D17F8 /* flickSnap.app */ = {isa = PBXFileReference; explicitFileType = wrapper.application; includeInIndex = 0; path = flickSnap.app; sourceTree = BUILT_PRODUCTS_DIR; };
		F62BC0851D260D66000D17F8 /* AppDelegate.swift */ = {isa = PBXFileReference; lastKnownFileType = sourcecode.swift; path = AppDelegate.swift; sourceTree = "<group>"; };
		F62BC0871D260D66000D17F8 /* ViewController.swift */ = {isa = PBXFileReference; lastKnownFileType = sourcecode.swift; path = ViewController.swift; sourceTree = "<group>"; };
		F62BC08C1D260D66000D17F8 /* Assets.xcassets */ = {isa = PBXFileReference; lastKnownFileType = folder.assetcatalog; path = Assets.xcassets; sourceTree = "<group>"; };
		F62BC08F1D260D66000D17F8 /* Base */ = {isa = PBXFileReference; lastKnownFileType = file.storyboard; name = Base; path = Base.lproj/LaunchScreen.storyboard; sourceTree = "<group>"; };
		F62BC0911D260D66000D17F8 /* Info.plist */ = {isa = PBXFileReference; lastKnownFileType = text.plist.xml; path = Info.plist; sourceTree = "<group>"; };
/* End PBXFileReference section */

/* Begin PBXFrameworksBuildPhase section */
		F62BC07F1D260D66000D17F8 /* Frameworks */ = {
			isa = PBXFrameworksBuildPhase;
			buildActionMask = 2147483647;
			files = (
			);
			runOnlyForDeploymentPostprocessing = 0;
		};
/* End PBXFrameworksBuildPhase section */

/* Begin PBXGroup section */
		F62BC0791D260D66000D17F8 = {
			isa = PBXGroup;
			children = (
				F62BC0841D260D66000D17F8 /* flickSnap */,
				F62BC0831D260D66000D17F8 /* Products */,
			);
			sourceTree = "<group>";
		};
		F62BC0831D260D66000D17F8 /* Products */ = {
			isa = PBXGroup;
			children = (
				F62BC0821D260D66000D17F8 /* flickSnap.app */,
			);
			name = Products;
			sourceTree = "<group>";
		};
		F62BC0841D260D66000D17F8 /* flickSnap */ = {
			isa = PBXGroup;
			children = (
				F62BC0851D260D66000D17F8 /* AppDelegate.swift */,
				F62BC0871D260D66000D17F8 /* ViewController.swift */,
				F62BC08C1D260D66000D17F8 /* Assets.xcassets */,
				F62BC08E1D260D66000D17F8 /* LaunchScreen.storyboard */,
				F62BC0911D260D66000D17F8 /* Info.plist */,
			);
			path = flickSnap;
			sourceTree = "<group>";
		};
/* End PBXGroup section */

/* Begin PBXNativeTarget section */
		F62BC0811D260D66000D17F8 /* flickSnap */ = {
			isa = PBXNativeTarget;
			buildConfigurationList = F62BC0941D260D66000D17F8 /* Build configuration list for PBXNativeTarget "flickSnap" */;
			buildPhases = (
				F62BC07E1D260D66000D17F8 /* Sources */,
				F62BC07F1D260D66000D17F8 /* Frameworks */,
				F62BC0801D260D66000D17F8 /* Resources */,
			);
			buildRules = (
			);
			dependencies = (
			);
			name = flickSnap;
			productName = flickSnap;
			productReference = F62BC0821D260D66000D17F8 /* flickSnap.app */;
			productType = "com.apple.product-type.application";
		};
/* End PBXNativeTarget section */

/* Begin PBXProject section */
		F62BC07A1D260D66000D17F8 /* Project object */ = {
			isa = PBXProject;
			attributes = {
				LastSwiftUpdateCheck = 0730;
				LastUpgradeCheck = 0730;
				ORGANIZATIONNAME = "Stanley Chiang";
				TargetAttributes = {
					F62BC0811D260D66000D17F8 = {
						CreatedOnToolsVersion = 7.3;
						DevelopmentTeam = 4C8V97R8N3;
					};
				};
			};
			buildConfigurationList = F62BC07D1D260D66000D17F8 /* Build configuration list for PBXProject "flickSnap" */;
			compatibilityVersion = "Xcode 3.2";
			developmentRegion = English;
			hasScannedForEncodings = 0;
			knownRegions = (
				en,
				Base,
			);
			mainGroup = F62BC0791D260D66000D17F8;
			productRefGroup = F62BC0831D260D66000D17F8 /* Products */;
			projectDirPath = "";
			projectRoot = "";
			targets = (
				F62BC0811D260D66000D17F8 /* flickSnap */,
			);
		};
/* End PBXProject section */

/* Begin PBXResourcesBuildPhase section */
		F62BC0801D260D66000D17F8 /* Resources */ = {
			isa = PBXResourcesBuildPhase;
			buildActionMask = 2147483647;
			files = (
				F62BC0901D260D66000D17F8 /* LaunchScreen.storyboard in Resources */,
				F62BC08D1D260D66000D17F8 /* Assets.xcassets in Resources */,
			);
			runOnlyForDeploymentPostprocessing = 0;
		};
/* End PBXResourcesBuildPhase section */

/* Begin PBXSourcesBuildPhase section */
		F62BC07E1D260D66000D17F8 /* Sources */ = {
			isa = PBXSourcesBuildPhase;
			buildActionMask = 2147483647;
			files = (
				F62BC0881D260D66000D17F8 /* ViewController.swift in Sources */,
				F62BC0861D260D66000D17F8 /* AppDelegate.swift in Sources */,
			);
			runOnlyForDeploymentPostprocessing = 0;
		};
/* End PBXSourcesBuildPhase section */

/* Begin PBXVariantGroup section */
		F62BC08E1D260D66000D17F8 /* LaunchScreen.storyboard */ = {
			isa = PBXVariantGroup;
			children = (
				F62BC08F1D260D66000D17F8 /* Base */,
			);
			name = LaunchScreen.storyboard;
			sourceTree = "<group>";
		};
/* End PBXVariantGroup section */

/* Begin XCBuildConfiguration section */
		F62BC0921D260D66000D17F8 /* Debug */ = {
			isa = XCBuildConfiguration;
			buildSettings = {
				ALWAYS_SEARCH_USER_PATHS = NO;
				CLANG_ANALYZER_NONNULL = YES;
				CLANG_CXX_LANGUAGE_STANDARD = "gnu++0x";
				CLANG_CXX_LIBRARY = "libc++";
				CLANG_ENABLE_MODULES = YES;
				CLANG_ENABLE_OBJC_ARC = YES;
				CLANG_WARN_BOOL_CONVERSION = YES;
				CLANG_WARN_CONSTANT_CONVERSION = YES;
				CLANG_WARN_DIRECT_OBJC_ISA_USAGE = YES_ERROR;
				CLANG_WARN_EMPTY_BODY = YES;
				CLANG_WARN_ENUM_CONVERSION = YES;
				CLANG_WARN_INT_CONVERSION = YES;
				CLANG_WARN_OBJC_ROOT_CLASS = YES_ERROR;
				CLANG_WARN_UNREACHABLE_CODE = YES;
				CLANG_WARN__DUPLICATE_METHOD_MATCH = YES;
				"CODE_SIGN_IDENTITY[sdk=iphoneos*]" = "iPhone Developer";
				COPY_PHASE_STRIP = NO;
				DEBUG_INFORMATION_FORMAT = dwarf;
				ENABLE_STRICT_OBJC_MSGSEND = YES;
				ENABLE_TESTABILITY = YES;
				GCC_C_LANGUAGE_STANDARD = gnu99;
				GCC_DYNAMIC_NO_PIC = NO;
				GCC_NO_COMMON_BLOCKS = YES;
				GCC_OPTIMIZATION_LEVEL = 0;
				GCC_PREPROCESSOR_DEFINITIONS = (
					"DEBUG=1",
					"$(inherited)",
				);
				GCC_WARN_64_TO_32_BIT_CONVERSION = YES;
				GCC_WARN_ABOUT_RETURN_TYPE = YES_ERROR;
				GCC_WARN_UNDECLARED_SELECTOR = YES;
				GCC_WARN_UNINITIALIZED_AUTOS = YES_AGGRESSIVE;
				GCC_WARN_UNUSED_FUNCTION = YES;
				GCC_WARN_UNUSED_VARIABLE = YES;
				IPHONEOS_DEPLOYMENT_TARGET = 9.3;
				MTL_ENABLE_DEBUG_INFO = YES;
				ONLY_ACTIVE_ARCH = YES;
				SDKROOT = iphoneos;
				SWIFT_OPTIMIZATION_LEVEL = "-Onone";
				TARGETED_DEVICE_FAMILY = "1,2";
			};
			name = Debug;
		};
		F62BC0931D260D66000D17F8 /* Release */ = {
			isa = XCBuildConfiguration;
			buildSettings = {
				ALWAYS_SEARCH_USER_PATHS = NO;
				CLANG_ANALYZER_NONNULL = YES;
				CLANG_CXX_LANGUAGE_STANDARD = "gnu++0x";
				CLANG_CXX_LIBRARY = "libc++";
				CLANG_ENABLE_MODULES = YES;
				CLANG_ENABLE_OBJC_ARC = YES;
				CLANG_WARN_BOOL_CONVERSION = YES;
				CLANG_WARN_CONSTANT_CONVERSION = YES;
				CLANG_WARN_DIRECT_OBJC_ISA_USAGE = YES_ERROR;
				CLANG_WARN_EMPTY_BODY = YES;
				CLANG_WARN_ENUM_CONVERSION = YES;
				CLANG_WARN_INT_CONVERSION = YES;
				CLANG_WARN_OBJC_ROOT_CLASS = YES_ERROR;
				CLANG_WARN_UNREACHABLE_CODE = YES;
				CLANG_WARN__DUPLICATE_METHOD_MATCH = YES;
				"CODE_SIGN_IDENTITY[sdk=iphoneos*]" = "iPhone Developer";
				COPY_PHASE_STRIP = NO;
				DEBUG_INFORMATION_FORMAT = "dwarf-with-dsym";
				ENABLE_NS_ASSERTIONS = NO;
				ENABLE_STRICT_OBJC_MSGSEND = YES;
				GCC_C_LANGUAGE_STANDARD = gnu99;
				GCC_NO_COMMON_BLOCKS = YES;
				GCC_WARN_64_TO_32_BIT_CONVERSION = YES;
				GCC_WARN_ABOUT_RETURN_TYPE = YES_ERROR;
				GCC_WARN_UNDECLARED_SELECTOR = YES;
				GCC_WARN_UNINITIALIZED_AUTOS = YES_AGGRESSIVE;
				GCC_WARN_UNUSED_FUNCTION = YES;
				GCC_WARN_UNUSED_VARIABLE = YES;
				IPHONEOS_DEPLOYMENT_TARGET = 9.3;
				MTL_ENABLE_DEBUG_INFO = NO;
				SDKROOT = iphoneos;
				TARGETED_DEVICE_FAMILY = "1,2";
				VALIDATE_PRODUCT = YES;
			};
			name = Release;
		};
		F62BC0951D260D66000D17F8 /* Debug */ = {
			isa = XCBuildConfiguration;
			buildSettings = {
				ASSETCATALOG_COMPILER_APPICON_NAME = AppIcon;
				CODE_SIGN_IDENTITY = "iPhone Developer";
				INFOPLIST_FILE = flickSnap/Info.plist;
				LD_RUNPATH_SEARCH_PATHS = "$(inherited) @executable_path/Frameworks";
				PRODUCT_BUNDLE_IDENTIFIER = com.stan.flickSnap;
				PRODUCT_NAME = "$(TARGET_NAME)";
			};
			name = Debug;
		};
		F62BC0961D260D66000D17F8 /* Release */ = {
			isa = XCBuildConfiguration;
			buildSettings = {
				ASSETCATALOG_COMPILER_APPICON_NAME = AppIcon;
				CODE_SIGN_IDENTITY = "iPhone Developer";
				INFOPLIST_FILE = flickSnap/Info.plist;
				LD_RUNPATH_SEARCH_PATHS = "$(inherited) @executable_path/Frameworks";
				PRODUCT_BUNDLE_IDENTIFIER = com.stan.flickSnap;
				PRODUCT_NAME = "$(TARGET_NAME)";
			};
			name = Release;
		};
/* End XCBuildConfiguration section */

/* Begin XCConfigurationList section */
		F62BC07D1D260D66000D17F8 /* Build configuration list for PBXProject "flickSnap" */ = {
			isa = XCConfigurationList;
			buildConfigurations = (
				F62BC0921D260D66000D17F8 /* Debug */,
				F62BC0931D260D66000D17F8 /* Release */,
			);
			defaultConfigurationIsVisible = 0;
			defaultConfigurationName = Release;
		};
		F62BC0941D260D66000D17F8 /* Build configuration list for PBXNativeTarget "flickSnap" */ = {
			isa = XCConfigurationList;
			buildConfigurations = (
				F62BC0951D260D66000D17F8 /* Debug */,
				F62BC0961D260D66000D17F8 /* Release */,
			);
			defaultConfigurationIsVisible = 0;
		};
/* End XCConfigurationList section */
	};
	rootObject = F62BC07A1D260D66000D17F8 /* Project object */;
}
